
Microsoft Visual Studio Solution File, Format Version 12.00
# Visual Studio Version 17
VisualStudioVersion = 17.4.33122.133
MinimumVisualStudioVersion = 10.0.40219.1
Project("{9A19103F-16F7-4668-BE54-9A1E7A4F7556}") = "WebApi", "src\WebApi\WebApi.csproj", "{FCE5A2EF-3DEF-4B22-B1AA-F63D759DF07F}"
EndProject
Project("{9A19103F-16F7-4668-BE54-9A1E7A4F7556}") = "Application", "src\Application\Application.csproj", "{0554C0A3-9736-493D-B3CD-93B9BA362F4D}"
EndProject
Project("{9A19103F-16F7-4668-BE54-9A1E7A4F7556}") = "Infrastructure", "src\Infrastructure\Infrastructure.csproj", "{3287BDD6-2FF0-4EA2-9FAA-9264CD8A9BB2}"
EndProject
Global
	GlobalSection(SolutionConfigurationPlatforms) = preSolution
		Debug|Any CPU = Debug|Any CPU
		Release|Any CPU = Release|Any CPU
	EndGlobalSection
	GlobalSection(ProjectConfigurationPlatforms) = postSolution
		{FCE5A2EF-3DEF-4B22-B1AA-F63D759DF07F}.Debug|Any CPU.ActiveCfg = Debug|Any CPU
		{FCE5A2EF-3DEF-4B22-B1AA-F63D759DF07F}.Debug|Any CPU.Build.0 = Debug|Any CPU
		{FCE5A2EF-3DEF-4B22-B1AA-F63D759DF07F}.Release|Any CPU.ActiveCfg = Release|Any CPU
		{FCE5A2EF-3DEF-4B22-B1AA-F63D759DF07F}.Release|Any CPU.Build.0 = Release|Any CPU
		{0554C0A3-9736-493D-B3CD-93B9BA362F4D}.Debug|Any CPU.ActiveCfg = Debug|Any CPU
		{0554C0A3-9736-493D-B3CD-93B9BA362F4D}.Debug|Any CPU.Build.0 = Debug|Any CPU
		{0554C0A3-9736-493D-B3CD-93B9BA362F4D}.Release|Any CPU.ActiveCfg = Release|Any CPU
		{0554C0A3-9736-493D-B3CD-93B9BA362F4D}.Release|Any CPU.Build.0 = Release|Any CPU
		{3287BDD6-2FF0-4EA2-9FAA-9264CD8A9BB2}.Debug|Any CPU.ActiveCfg = Debug|Any CPU
		{3287BDD6-2FF0-4EA2-9FAA-9264CD8A9BB2}.Debug|Any CPU.Build.0 = Debug|Any CPU
		{3287BDD6-2FF0-4EA2-9FAA-9264CD8A9BB2}.Release|Any CPU.ActiveCfg = Release|Any CPU
		{3287BDD6-2FF0-4EA2-9FAA-9264CD8A9BB2}.Release|Any CPU.Build.0 = Release|Any CPU
	EndGlobalSection
	GlobalSection(SolutionProperties) = preSolution
		HideSolutionNode = FALSE
	EndGlobalSection
	GlobalSection(ExtensibilityGlobals) = postSolution
		SolutionGuid = {E24153C7-6587-4F0A-A7AB-36896B8509DA}
	EndGlobalSection
EndGlobal
